
Microsoft Visual Studio Solution File, Format Version 12.00
# Visual Studio Version 18
VisualStudioVersion = 18.3.11304.161 d18.3
MinimumVisualStudioVersion = 10.0.40219.1
Project("{2150E333-8FDC-42A3-9474-1A3956D46DE8}") = "test", "test", "{7D398DE5-B298-4D8D-88FA-CD16AFCB2537}"
EndProject
Project("{FAE04EC0-301F-11D3-BF4B-00C04F79EFBC}") = "CorteCerto.UnitTests", "test\CorteCerto.UnitTests\CorteCerto.UnitTests.csproj", "{BF475AEF-8144-465A-9EDD-3144C00C2DDC}"
EndProject
Project("{2150E333-8FDC-42A3-9474-1A3956D46DE8}") = "src", "src", "{518484A8-4E6F-4537-99CE-2B953B7A6557}"
EndProject
Project("{FAE04EC0-301F-11D3-BF4B-00C04F79EFBC}") = "CorteCerto.Domain", "src\CorteCerto.Domain\CorteCerto.Domain.csproj", "{1FC01CA8-6919-42B4-8853-4E3FFA7A11B4}"
EndProject
Project("{FAE04EC0-301F-11D3-BF4B-00C04F79EFBC}") = "CorteCerto.Infrastructure", "src\CorteCerto.Infrastructure\CorteCerto.Infrastructure.csproj", "{391BC972-ADCB-455A-B11F-EB49BE65BF25}"
EndProject
Project("{FAE04EC0-301F-11D3-BF4B-00C04F79EFBC}") = "CorteCerto.Application", "src\CorteCerto.Application\CorteCerto.Application.csproj", "{66B6F3F2-7379-4D3D-8B4A-83667EBCDB86}"
EndProject
Project("{FAE04EC0-301F-11D3-BF4B-00C04F79EFBC}") = "CorteCerto.Api", "src\CorteCerto.Api\CorteCerto.Api.csproj", "{2F9D8FF6-BE41-4AD9-803B-BD412B4B265A}"
EndProject
Project("{FAE04EC0-301F-11D3-BF4B-00C04F79EFBC}") = "CorteCerto.CrossCutting", "src\CorteCerto.CrossCutting\CorteCerto.CrossCutting.csproj", "{B580AF8A-E242-47DE-9617-111E68CC3D7E}"
EndProject
Global
	GlobalSection(SolutionConfigurationPlatforms) = preSolution
		Debug|Any CPU = Debug|Any CPU
		Release|Any CPU = Release|Any CPU
	EndGlobalSection
	GlobalSection(ProjectConfigurationPlatforms) = postSolution
		{BF475AEF-8144-465A-9EDD-3144C00C2DDC}.Debug|Any CPU.ActiveCfg = Debug|Any CPU
		{BF475AEF-8144-465A-9EDD-3144C00C2DDC}.Debug|Any CPU.Build.0 = Debug|Any CPU
		{BF475AEF-8144-465A-9EDD-3144C00C2DDC}.Release|Any CPU.ActiveCfg = Release|Any CPU
		{BF475AEF-8144-465A-9EDD-3144C00C2DDC}.Release|Any CPU.Build.0 = Release|Any CPU
		{1FC01CA8-6919-42B4-8853-4E3FFA7A11B4}.Debug|Any CPU.ActiveCfg = Debug|Any CPU
		{1FC01CA8-6919-42B4-8853-4E3FFA7A11B4}.Debug|Any CPU.Build.0 = Debug|Any CPU
		{1FC01CA8-6919-42B4-8853-4E3FFA7A11B4}.Release|Any CPU.ActiveCfg = Release|Any CPU
		{1FC01CA8-6919-42B4-8853-4E3FFA7A11B4}.Release|Any CPU.Build.0 = Release|Any CPU
		{391BC972-ADCB-455A-B11F-EB49BE65BF25}.Debug|Any CPU.ActiveCfg = Debug|Any CPU
		{391BC972-ADCB-455A-B11F-EB49BE65BF25}.Debug|Any CPU.Build.0 = Debug|Any CPU
		{391BC972-ADCB-455A-B11F-EB49BE65BF25}.Release|Any CPU.ActiveCfg = Release|Any CPU
		{391BC972-ADCB-455A-B11F-EB49BE65BF25}.Release|Any CPU.Build.0 = Release|Any CPU
		{66B6F3F2-7379-4D3D-8B4A-83667EBCDB86}.Debug|Any CPU.ActiveCfg = Debug|Any CPU
		{66B6F3F2-7379-4D3D-8B4A-83667EBCDB86}.Debug|Any CPU.Build.0 = Debug|Any CPU
		{66B6F3F2-7379-4D3D-8B4A-83667EBCDB86}.Release|Any CPU.ActiveCfg = Release|Any CPU
		{66B6F3F2-7379-4D3D-8B4A-83667EBCDB86}.Release|Any CPU.Build.0 = Release|Any CPU
		{2F9D8FF6-BE41-4AD9-803B-BD412B4B265A}.Debug|Any CPU.ActiveCfg = Debug|Any CPU
		{2F9D8FF6-BE41-4AD9-803B-BD412B4B265A}.Debug|Any CPU.Build.0 = Debug|Any CPU
		{2F9D8FF6-BE41-4AD9-803B-BD412B4B265A}.Release|Any CPU.ActiveCfg = Release|Any CPU
		{2F9D8FF6-BE41-4AD9-803B-BD412B4B265A}.Release|Any CPU.Build.0 = Release|Any CPU
		{B580AF8A-E242-47DE-9617-111E68CC3D7E}.Debug|Any CPU.ActiveCfg = Debug|Any CPU
		{B580AF8A-E242-47DE-9617-111E68CC3D7E}.Debug|Any CPU.Build.0 = Debug|Any CPU
		{B580AF8A-E242-47DE-9617-111E68CC3D7E}.Release|Any CPU.ActiveCfg = Release|Any CPU
		{B580AF8A-E242-47DE-9617-111E68CC3D7E}.Release|Any CPU.Build.0 = Release|Any CPU
	EndGlobalSection
	GlobalSection(SolutionProperties) = preSolution
		HideSolutionNode = FALSE
	EndGlobalSection
	GlobalSection(NestedProjects) = preSolution
		{BF475AEF-8144-465A-9EDD-3144C00C2DDC} = {7D398DE5-B298-4D8D-88FA-CD16AFCB2537}
		{1FC01CA8-6919-42B4-8853-4E3FFA7A11B4} = {518484A8-4E6F-4537-99CE-2B953B7A6557}
		{391BC972-ADCB-455A-B11F-EB49BE65BF25} = {518484A8-4E6F-4537-99CE-2B953B7A6557}
		{66B6F3F2-7379-4D3D-8B4A-83667EBCDB86} = {518484A8-4E6F-4537-99CE-2B953B7A6557}
		{2F9D8FF6-BE41-4AD9-803B-BD412B4B265A} = {518484A8-4E6F-4537-99CE-2B953B7A6557}
		{B580AF8A-E242-47DE-9617-111E68CC3D7E} = {518484A8-4E6F-4537-99CE-2B953B7A6557}
	EndGlobalSection
	GlobalSection(ExtensibilityGlobals) = postSolution
		SolutionGuid = {D948BDE2-1007-4E6D-B130-5D6020A8C002}
	EndGlobalSection
EndGlobal
